{
  "name": "keywordizer",
  "version": "1.0.0",
  "lockfileVersion": 3,
  "requires": true,
  "packages": {
    "": {
      "name": "keywordizer",
      "version": "1.0.0",
      "license": "ISC",
      "dependencies": {
        "cldr-annotations-derived-full": "^46.0.0",
        "cldr-annotations-full": "^46.0.0",
        "cldr-core": "^46.0.0",
        "cldr-localenames-full": "^46.0.0",
        "cldr-misc-full": "^46.0.0"
      }
    },
    "node_modules/cldr-annotations-derived-full": {
      "version": "46.0.0",
      "resolved": "https://registry.npmjs.org/cldr-annotations-derived-full/-/cldr-annotations-derived-full-46.0.0.tgz",
      "integrity": "sha512-p2x6+AHvzsq6P2elNJ5BJtXLsJi5aJVpjhEICXXbOYbU7DepMep1rnNgg1wT0dCW49xNBcT6xur2IOyzKvx6ng=="
    },
    "node_modules/cldr-annotations-full": {
      "version": "46.0.0",
      "resolved": "https://registry.npmjs.org/cldr-annotations-full/-/cldr-annotations-full-46.0.0.tgz",
      "integrity": "sha512-aBCDZ1eiS2iBcpqBDmdV1Ut1snJ30usvOafzYGEdn29hdtnnL2jLF48bE+6MfC4mSgeNPvWtXnJmCF/VBFYq6A=="
    },
    "node_modules/cldr-core": {
      "version": "46.0.0",
      "resolved": "https://registry.npmjs.org/cldr-core/-/cldr-core-46.0.0.tgz",
      "integrity": "sha512-2RkpQFhbrxPGeoF1KB8HyNjNcJa9xgkkiQcL1up0nm+dFHI8kSNDMkZxzwIkrLkhxneoZQeqqX3G+ZggeuUVPw=="
    },
    "node_modules/cldr-localenames-full": {
      "version": "46.0.0",
      "resolved": "https://registry.npmjs.org/cldr-localenames-full/-/cldr-localenames-full-46.0.0.tgz",
      "integrity": "sha512-3nvcan/3ASDJKwoHU8d4hE0PzQDxypuJWHL6BWTBfxvYQf+N2QA9gxEG/pvGkwsnbltc5nVk6OCutUNkDIn6KA==",
      "peerDependencies": {
        "cldr-core": "46.0.0"
      }
    },
    "node_modules/cldr-misc-full": {
      "version": "46.0.0",
      "resolved": "https://registry.npmjs.org/cldr-misc-full/-/cldr-misc-full-46.0.0.tgz",
      "integrity": "sha512-cCqRm8g+HI2VUSFgeXsyv+VD6W5S+JASq4tP1TwSZmjjorWLMsYdAF78zDVIju9TkjuVJ9NuKAZEAJ+jDg58bg==",
      "peerDependencies": {
        "cldr-core": "46.0.0"
      }
    }
  }
}
